
Microsoft Visual Studio Solution File, Format Version 12.00
# Visual Studio 15
VisualStudioVersion = 15.0.27428.2043
MinimumVisualStudioVersion = 10.0.40219.1
Project("{FAE04EC0-301F-11D3-BF4B-00C04F79EFBC}") = "SOA_Web_Api", "SOA_Web_Api\SOA_Web_Api.csproj", "{E7CF663C-CFCC-44C8-A515-14B7298F65C3}"
EndProject
Global
	GlobalSection(SolutionConfigurationPlatforms) = preSolution
		Debug|Any CPU = Debug|Any CPU
		Release|Any CPU = Release|Any CPU
	EndGlobalSection
	GlobalSection(ProjectConfigurationPlatforms) = postSolution
		{E7CF663C-CFCC-44C8-A515-14B7298F65C3}.Debug|Any CPU.ActiveCfg = Debug|Any CPU
		{E7CF663C-CFCC-44C8-A515-14B7298F65C3}.Debug|Any CPU.Build.0 = Debug|Any CPU
		{E7CF663C-CFCC-44C8-A515-14B7298F65C3}.Release|Any CPU.ActiveCfg = Release|Any CPU
		{E7CF663C-CFCC-44C8-A515-14B7298F65C3}.Release|Any CPU.Build.0 = Release|Any CPU
	EndGlobalSection
	GlobalSection(SolutionProperties) = preSolution
		HideSolutionNode = FALSE
	EndGlobalSection
	GlobalSection(ExtensibilityGlobals) = postSolution
		SolutionGuid = {DA505E2D-D356-4E02-BE3E-2F90AF4F638D}
	EndGlobalSection
EndGlobal
