
Microsoft Visual Studio Solution File, Format Version 12.00
# Visual Studio 15
VisualStudioVersion = 15.0.27428.2043
MinimumVisualStudioVersion = 10.0.40219.1
Project("{FAE04EC0-301F-11D3-BF4B-00C04F79EFBC}") = "ArabaK", "ArabaK\ArabaK.csproj", "{DEA64F38-3694-4B10-B51F-2E6262FB11AA}"
EndProject
Global
	GlobalSection(SolutionConfigurationPlatforms) = preSolution
		Debug|Any CPU = Debug|Any CPU
		Release|Any CPU = Release|Any CPU
	EndGlobalSection
	GlobalSection(ProjectConfigurationPlatforms) = postSolution
		{DEA64F38-3694-4B10-B51F-2E6262FB11AA}.Debug|Any CPU.ActiveCfg = Debug|Any CPU
		{DEA64F38-3694-4B10-B51F-2E6262FB11AA}.Debug|Any CPU.Build.0 = Debug|Any CPU
		{DEA64F38-3694-4B10-B51F-2E6262FB11AA}.Release|Any CPU.ActiveCfg = Release|Any CPU
		{DEA64F38-3694-4B10-B51F-2E6262FB11AA}.Release|Any CPU.Build.0 = Release|Any CPU
	EndGlobalSection
	GlobalSection(SolutionProperties) = preSolution
		HideSolutionNode = FALSE
	EndGlobalSection
	GlobalSection(ExtensibilityGlobals) = postSolution
		SolutionGuid = {24C1C27E-173B-49D9-8435-763474CA3F86}
	EndGlobalSection
EndGlobal
